dependencies:
  chmorgan/esp-libhelix-mp3:
    component_hash: cbb76089dc2c5749f7b470e2e70aedc44c9da519e04eb9a67d4c7ec275229e53
    dependencies:
    - name: idf
      require: private
      version: '>=4.1.0'
    source:
      registry_url: https://components.espressif.com/
      type: service
    version: 1.0.3
  espressif/argtable3:
    component_hash: a502202e644f6d446f28b906f90e657d0bda1939faa17c122446cc64f6e4e0be
    dependencies:
    - name: idf
      require: private
      version: '>=5.1'
    source:
      registry_url: https://components.espressif.com/
      type: service
    version: 3.3.1~1
  espressif/cjson:
    component_hash: e788323270d90738662d66fffa910bfe1fba019bba087f01557e70c40485b469
    dependencies:
    - name: idf
      require: private
      version: '>=5.0'
    source:
      registry_url: https://components.espressif.com/
      type: service
    version: 1.7.19~2
  espressif/esp-dsp:
    component_hash: ed9ac175b14e0414399a2b33c525579414b5bad19a2a67b12ea212def96f9a98
    dependencies:
    - name: idf
      require: private
      version: '>=4.2'
    source:
      registry_url: https://components.espressif.com/
      type: service
    version: 1.8.2
  espressif/esp-serial-flasher:
    component_hash: c86fdf9b4a353782da86870efe922e6c9b4b733a54e009e74c5f74b920bf4062
    dependencies:
    - name: espressif/usb_host_cdc_acm
      registry_url: https://components.espressif.com
      require: private
      rules:
      - if: target in [esp32s2, esp32s3, esp32p4]
      version: ^2
    - name: espressif/usb_host_ch34x_vcp
      registry_url: https://components.espressif.com
      require: private
      rules:
      - if: target in [esp32s2, esp32s3, esp32p4]
      version: ^2.2
    - name: espressif/usb_host_cp210x_vcp
      registry_url: https://components.espressif.com
      require: private
      rules:
      - if: target in [esp32s2, esp32s3, esp32p4]
      version: ^2.2
    source:
      registry_url: https://components.espressif.com/
      type: service
    version: 2.0.0
  espressif/esp_lvgl_port:
    component_hash: fb6c1fdfe70d4ca39a035d63ca394a35f17ec84ce16ff98ecb13a54155d75da4
    dependencies:
    - name: idf
      require: private
      version: '>=5.2'
    - name: lvgl/lvgl
      registry_url: https://components.espressif.com
      require: public
      version: '>=8,<10'
    source:
      registry_url: https://components.espressif.com/
      type: service
    version: 2.8.0~1
  espressif/esp_tinyusb:
    component_hash: 8e57a14ac14d8e4d4588b5b9222977b96475323bcebae3c838919bb4e8587887
    dependencies:
    - name: idf
      require: private
      version: '>=5.0'
    - name: espressif/tinyusb
      registry_url: https://components.espressif.com
      require: public
      version: '>=0.17.0~2'
    source:
      registry_url: https://components.espressif.com/
      type: service
    targets:
    - esp32s2
    - esp32s3
    - esp32p4
    - esp32h4
    - esp32s31
    version: 2.2.0
  espressif/led_strip:
    component_hash: 28c6509a727ef74925b372ed404772aeedf11cce10b78c3f69b3c66799095e2d
    dependencies:
    - name: idf
      require: private
      version: '>=4.4'
    source:
      registry_url: https://components.espressif.com/
      type: service
    version: 2.5.5
  espressif/libsodium:
    component_hash: d4066b373fc6d4c5196db42aeea7faef4ac7f3080af96c2b74e2476c08b78dc1
    dependencies:
    - name: idf
      require: private
      version: '>=4.2'
    source:
      registry_url: https://components.espressif.com/
      type: service
    version: 1.0.22~1
  espressif/tinyusb:
    component_hash: a40b7f67df6ac254a4afd96c6401cc56f2059ae747d6d7e66b568bca53ad0edc
    dependencies:
    - name: idf
      require: private
      version: '>=5.0'
    source:
      registry_url: https://components.espressif.com/
      type: service
    targets:
    - esp32s2
    - esp32s3
    - esp32p4
    - esp32h4
    - esp32s31
    version: 0.19.0~3
  espressif/usb_host_cdc_acm:
    component_hash: f3893a5e117c65f3c4d90d282bbb43624a2fec4144532e5c72223e69bd1b00e9
    dependencies:
    - name: idf
      require: private
      version: '>=5.0'
    - name: espressif/usb
      registry_url: https://components.espressif.com
      require: public
      rules:
      - if: idf_version >=6.0
      - if: target not in ["linux"]
      version: ^1.0.0
    source:
      registry_url: https://components.espressif.com
      type: service
    targets:
    - esp32s2
    - esp32s3
    - esp32p4
    - esp32h4
    - esp32s31
    - linux
    version: 2.4.0
  espressif/usb_host_ch34x_vcp:
    component_hash: cc6f17936a11aa0ba460e716bd9b70fcd445824bcc7882afbe3ede3513f80c59
    dependencies:
    - name: idf
      require: private
      version: '>=4.4'
    - name: espressif/usb_host_cdc_acm
      registry_url: https://components.espressif.com
      require: public
      version: ^2.1.0
    source:
      registry_url: https://components.espressif.com
      type: service
    version: 2.2.0
  espressif/usb_host_cp210x_vcp:
    component_hash: c0404c598e2620fe88c35b5bf24d8e3b3ded41d9946fc865843be7f2f75da40e
    dependencies:
    - name: espressif/usb_host_cdc_acm
      registry_url: https://components.espressif.com
      require: public
      version: ^2.1.0
    - name: idf
      require: private
      version: '>=4.4'
    source:
      registry_url: https://components.espressif.com
      type: service
    version: 2.2.0
  idf:
    source:
      type: idf
    version: 5.5.3
  joltwallet/littlefs:
    component_hash: 01faa388c6305fe77fd6962cda6171e753033458f24f8fae9e9d932e3d817a4c
    dependencies:
    - name: idf
      require: private
      version: '>=5.0'
    source:
      registry_url: https://components.espressif.com/
      type: service
    version: 1.22.1
  lvgl/lvgl:
    component_hash: 17e68bfd21f0edf4c3ee838e2273da840bf3930e5dbc3bfa6c1190c3aed41f9f
    dependencies: []
    source:
      registry_url: https://components.espressif.com/
      type: service
    version: 9.4.0
direct_dependencies:
- chmorgan/esp-libhelix-mp3
- espressif/argtable3
- espressif/cjson
- espressif/esp-dsp
- espressif/esp-serial-flasher
- espressif/esp_lvgl_port
- espressif/esp_tinyusb
- espressif/led_strip
- espressif/libsodium
- espressif/tinyusb
- joltwallet/littlefs
- lvgl/lvgl
manifest_hash: 9af126a7b8d12e169ffd2b9a8a08877886bfff58cb7f8b7af570a9a67b5ba854
target: esp32p4
version: 2.0.0
